
Microsoft Visual Studio Solution File, Format Version 12.00
# Visual Studio Version 17
VisualStudioVersion = 17.9.34714.143
MinimumVisualStudioVersion = 10.0.40219.1
Project("{FAE04EC0-301F-11D3-BF4B-00C04F79EFBC}") = "Teste-Console", "Teste-Console.csproj", "{467CE5FB-516D-4C3C-A7A4-B7EBF4B973A3}"
EndProject
Global
	GlobalSection(SolutionConfigurationPlatforms) = preSolution
		Debug|Any CPU = Debug|Any CPU
		Release|Any CPU = Release|Any CPU
	EndGlobalSection
	GlobalSection(ProjectConfigurationPlatforms) = postSolution
		{467CE5FB-516D-4C3C-A7A4-B7EBF4B973A3}.Debug|Any CPU.ActiveCfg = Debug|Any CPU
		{467CE5FB-516D-4C3C-A7A4-B7EBF4B973A3}.Debug|Any CPU.Build.0 = Debug|Any CPU
		{467CE5FB-516D-4C3C-A7A4-B7EBF4B973A3}.Release|Any CPU.ActiveCfg = Release|Any CPU
		{467CE5FB-516D-4C3C-A7A4-B7EBF4B973A3}.Release|Any CPU.Build.0 = Release|Any CPU
	EndGlobalSection
	GlobalSection(SolutionProperties) = preSolution
		HideSolutionNode = FALSE
	EndGlobalSection
	GlobalSection(ExtensibilityGlobals) = postSolution
		SolutionGuid = {771C5F05-975C-4D63-8074-FA5D25F0F2AB}
	EndGlobalSection
EndGlobal
